
Microsoft Visual Studio Solution File, Format Version 12.00
# Visual Studio Version 17
VisualStudioVersion = 17.12.35527.113
MinimumVisualStudioVersion = 10.0.40219.1
Project("{9A19103F-16F7-4668-BE54-9A1E7A4F7556}") = "HackerNews.API", "HackerNews.API\HackerNews.API.csproj", "{BD67AAB1-6188-4A73-A76D-6EAB71E7B5CB}"
EndProject
Project("{9A19103F-16F7-4668-BE54-9A1E7A4F7556}") = "HackerNews.Tests", "HackerNews.API.Tests\HackerNews.Tests.csproj", "{8EC48E82-A589-443E-9F67-107CF5407385}"
EndProject
Project("{FAE04EC0-301F-11D3-BF4B-00C04F79EFBC}") = "HackerNews.Services", "HackerNews.Services\HackerNews.Services.csproj", "{EEFFACFB-E95F-45EF-AC40-FB39220FC2C4}"
EndProject
Global
	GlobalSection(SolutionConfigurationPlatforms) = preSolution
		Debug|Any CPU = Debug|Any CPU
		Release|Any CPU = Release|Any CPU
	EndGlobalSection
	GlobalSection(ProjectConfigurationPlatforms) = postSolution
		{BD67AAB1-6188-4A73-A76D-6EAB71E7B5CB}.Debug|Any CPU.ActiveCfg = Debug|Any CPU
		{BD67AAB1-6188-4A73-A76D-6EAB71E7B5CB}.Debug|Any CPU.Build.0 = Debug|Any CPU
		{BD67AAB1-6188-4A73-A76D-6EAB71E7B5CB}.Release|Any CPU.ActiveCfg = Release|Any CPU
		{BD67AAB1-6188-4A73-A76D-6EAB71E7B5CB}.Release|Any CPU.Build.0 = Release|Any CPU
		{8EC48E82-A589-443E-9F67-107CF5407385}.Debug|Any CPU.ActiveCfg = Debug|Any CPU
		{8EC48E82-A589-443E-9F67-107CF5407385}.Debug|Any CPU.Build.0 = Debug|Any CPU
		{8EC48E82-A589-443E-9F67-107CF5407385}.Release|Any CPU.ActiveCfg = Release|Any CPU
		{8EC48E82-A589-443E-9F67-107CF5407385}.Release|Any CPU.Build.0 = Release|Any CPU
		{EEFFACFB-E95F-45EF-AC40-FB39220FC2C4}.Debug|Any CPU.ActiveCfg = Debug|Any CPU
		{EEFFACFB-E95F-45EF-AC40-FB39220FC2C4}.Debug|Any CPU.Build.0 = Debug|Any CPU
		{EEFFACFB-E95F-45EF-AC40-FB39220FC2C4}.Release|Any CPU.ActiveCfg = Release|Any CPU
		{EEFFACFB-E95F-45EF-AC40-FB39220FC2C4}.Release|Any CPU.Build.0 = Release|Any CPU
	EndGlobalSection
	GlobalSection(SolutionProperties) = preSolution
		HideSolutionNode = FALSE
	EndGlobalSection
	GlobalSection(ExtensibilityGlobals) = postSolution
		SolutionGuid = {A9B0C465-3E35-4796-8760-26F35C9E498B}
	EndGlobalSection
EndGlobal
